github.com/go-gl/mathgl v1.2.0 h1:v2eOj/y1B2afDxF6URV1qCYmo1KW08lAMtTbOn3KXCY=
github.com/go-gl/mathgl v1.2.0/go.mod h1:pf9+b5J3LFP7iZ4XXaVzZrCle0Q/vNpB/vDe5+3ulRE=
github.com/google/uuid v1.3.0 h1:t6JiXgmwXMjEs8VusXIJk2BXHsn+wx8BZdTaoZ5fu7I=
github.com/google/uuid v1.3.0/go.mod h1:TIyPZe4MgqvfeYDBFedMoGGpEw/LqOeaOT+nhxU+yHo=
github.com/kataras/golog v0.1.8 h1:isP8th4PJH2SrbkciKnylaND9xoTtfxv++NB+DF0l9g=
github.com/kataras/golog v0.1.8/go.mod h1:rGPAin4hYROfk1qT9wZP6VY2rsb4zzc37QpdPjdkqVw=
github.com/kataras/pio v0.0.11 h1:kqreJ5KOEXGMwHAWHDwIl+mjfNCPhAwZPa8gK7MKlyw=
github.com/kataras/pio v0.0.11/go.mod h1:38hH6SWH6m4DKSYmRhlrCJ5WItwWgCVrTNU62XZyUvI=
golang.org/x/sys v0.0.0-20220919091848-fb04ddd9f9c8 h1:h+EGohizhe9XlX18rfpa8k8RAc5XyaeamM+0VHRd4lc=
golang.org/x/sys v0.0.0-20220919091848-fb04ddd9f9c8/go.mod h1:oPkhp1MJrh7nUepCBck5+mAzfO9JrbApNNgaTdGDITg=
